
Microsoft Visual Studio Solution File, Format Version 12.00
# Visual Studio Version 16
VisualStudioVersion = 16.0.31702.278
MinimumVisualStudioVersion = 10.0.40219.1
Project("{FAE04EC0-301F-11D3-BF4B-00C04F79EFBC}") = "ConsoleApp1", "ConsoleApp1\ConsoleApp1.csproj", "{8FF08765-0F47-4C43-963C-3185C85A511C}"
EndProject
Global
	GlobalSection(SolutionConfigurationPlatforms) = preSolution
		Debug|Any CPU = Debug|Any CPU
		Release|Any CPU = Release|Any CPU
	EndGlobalSection
	GlobalSection(ProjectConfigurationPlatforms) = postSolution
		{8FF08765-0F47-4C43-963C-3185C85A511C}.Debug|Any CPU.ActiveCfg = Debug|Any CPU
		{8FF08765-0F47-4C43-963C-3185C85A511C}.Debug|Any CPU.Build.0 = Debug|Any CPU
		{8FF08765-0F47-4C43-963C-3185C85A511C}.Release|Any CPU.ActiveCfg = Release|Any CPU
		{8FF08765-0F47-4C43-963C-3185C85A511C}.Release|Any CPU.Build.0 = Release|Any CPU
	EndGlobalSection
	GlobalSection(SolutionProperties) = preSolution
		HideSolutionNode = FALSE
	EndGlobalSection
	GlobalSection(ExtensibilityGlobals) = postSolution
		SolutionGuid = {41758747-5217-4D69-8FC0-A87A2ED73781}
	EndGlobalSection
EndGlobal
